
Microsoft Visual Studio Solution File, Format Version 12.00
# Visual Studio Version 16
VisualStudioVersion = 16.0.810.0
MinimumVisualStudioVersion = 10.0.40219.1
Project("{FAE04EC0-301F-11D3-BF4B-00C04F79EFBC}") = "Twilio2021", "Twilio2021.csproj", "{E310D515-9B80-4873-B603-924A9CE3FB5D}"
EndProject
Global
	GlobalSection(SolutionConfigurationPlatforms) = preSolution
		Debug|Any CPU = Debug|Any CPU
		Release|Any CPU = Release|Any CPU
	EndGlobalSection
	GlobalSection(ProjectConfigurationPlatforms) = postSolution
		{E310D515-9B80-4873-B603-924A9CE3FB5D}.Debug|Any CPU.ActiveCfg = Debug|Any CPU
		{E310D515-9B80-4873-B603-924A9CE3FB5D}.Debug|Any CPU.Build.0 = Debug|Any CPU
		{E310D515-9B80-4873-B603-924A9CE3FB5D}.Release|Any CPU.ActiveCfg = Release|Any CPU
		{E310D515-9B80-4873-B603-924A9CE3FB5D}.Release|Any CPU.Build.0 = Release|Any CPU
	EndGlobalSection
	GlobalSection(SolutionProperties) = preSolution
		HideSolutionNode = FALSE
	EndGlobalSection
	GlobalSection(ExtensibilityGlobals) = postSolution
		SolutionGuid = {8A973194-F2F3-4C0D-B227-5A6A446BE56D}
	EndGlobalSection
EndGlobal
